// !$*UTF8*$!
{
	archiveVersion = 1;
	classes = {
	};
	objectVersion = 48;
	objects = {

/* Begin PBXAggregateTarget section */
		6E7E08851F6E9AE2000B86A9 /* NeoSwiftAggregate */ = {
			isa = PBXAggregateTarget;
			buildConfigurationList = 6E7E08861F6E9AE2000B86A9 /* Build configuration list for PBXAggregateTarget "NeoSwiftAggregate" */;
			buildPhases = (
				6E7E08891F6E9B26000B86A9 /* ShellScript */,
			);
			dependencies = (
			);
			name = NeoSwiftAggregate;
			productName = NeoSwiftAggregate;
		};
/* End PBXAggregateTarget section */

/* Begin PBXBuildFile section */
		350E2719207B5CE4006AB519 /* NeoScanTransactionHistory.swift in Sources */ = {isa = PBXBuildFile; fileRef = 350E2718207B5CE3006AB519 /* NeoScanTransactionHistory.swift */; };
		350E271A207B610C006AB519 /* NeoScanTransactionHistory.swift in Sources */ = {isa = PBXBuildFile; fileRef = 350E2718207B5CE3006AB519 /* NeoScanTransactionHistory.swift */; };
		35494585203D4D4500332E53 /* NEP9.swift in Sources */ = {isa = PBXBuildFile; fileRef = 35494584203D4D4500332E53 /* NEP9.swift */; };
		35494587203D500E00332E53 /* validator.swift in Sources */ = {isa = PBXBuildFile; fileRef = 35494586203D500E00332E53 /* validator.swift */; };
		35494589203D50C900332E53 /* ShamirSecret.swift in Sources */ = {isa = PBXBuildFile; fileRef = 35494588203D50C900332E53 /* ShamirSecret.swift */; };
		35673163203BE83600DD57DC /* neoutils.framework in Frameworks */ = {isa = PBXBuildFile; fileRef = 35673162203BE83500DD57DC /* neoutils.framework */; };
		6E013E2E1F694B77006EE34F /* Asset.swift in Sources */ = {isa = PBXBuildFile; fileRef = 6E013E2D1F694B77006EE34F /* Asset.swift */; };
		6E013E301F695337006EE34F /* AccountState.swift in Sources */ = {isa = PBXBuildFile; fileRef = 6E013E2F1F695337006EE34F /* AccountState.swift */; };
		6E0F80C71F67F8E90068CEF8 /* TransactionAttritbute.swift in Sources */ = {isa = PBXBuildFile; fileRef = 6E0F80C61F67F8E90068CEF8 /* TransactionAttritbute.swift */; };
		6E5747551FE7CE28004EB4C4 /* RIPEMD160.swift in Sources */ = {isa = PBXBuildFile; fileRef = 6E5747541FE7CE28004EB4C4 /* RIPEMD160.swift */; };
		6E5747561FE7CEE3004EB4C4 /* RIPEMD160.swift in Sources */ = {isa = PBXBuildFile; fileRef = 6E5747541FE7CE28004EB4C4 /* RIPEMD160.swift */; };
		6E67B16A1F9B22D800C566B6 /* nodes.json in Resources */ = {isa = PBXBuildFile; fileRef = 6EE8BB9B1F9B171100EF69D8 /* nodes.json */; };
		6E67B16B1F9B237700C566B6 /* NEONetwork.swift in Sources */ = {isa = PBXBuildFile; fileRef = 6EE8BB9C1F9B18D000EF69D8 /* NEONetwork.swift */; };
		6E67B16C1F9B24B200C566B6 /* nodes.json in Resources */ = {isa = PBXBuildFile; fileRef = 6EE8BB9B1F9B171100EF69D8 /* nodes.json */; };
		6E67B16E1F9B368100C566B6 /* Peer.swift in Sources */ = {isa = PBXBuildFile; fileRef = 6E67B16D1F9B368100C566B6 /* Peer.swift */; };
		6E67B16F1F9B37B400C566B6 /* Peer.swift in Sources */ = {isa = PBXBuildFile; fileRef = 6E67B16D1F9B368100C566B6 /* Peer.swift */; };
		6E7E088C1F6E9C02000B86A9 /* strip-frameworks.sh in Resources */ = {isa = PBXBuildFile; fileRef = 6E7E088B1F6E9BEC000B86A9 /* strip-frameworks.sh */; };
		6E821FA01FEF42730002A790 /* NEOECDH.swift in Sources */ = {isa = PBXBuildFile; fileRef = 6E821F9F1FEF42730002A790 /* NEOECDH.swift */; };
		6EADA9962071E7B80090C700 /* NeoScan.swift in Sources */ = {isa = PBXBuildFile; fileRef = 6EADA9952071E7B80090C700 /* NeoScan.swift */; };
		6EADA9972071E7BE0090C700 /* NeoScan.swift in Sources */ = {isa = PBXBuildFile; fileRef = 6EADA9952071E7B80090C700 /* NeoScan.swift */; };
		6EADA9992071EBDF0090C700 /* NeoScanTest.swift in Sources */ = {isa = PBXBuildFile; fileRef = 6EADA9982071EBDF0090C700 /* NeoScanTest.swift */; };
		6EADA99A2071EC200090C700 /* NeoScan.swift in Sources */ = {isa = PBXBuildFile; fileRef = 6EADA9952071E7B80090C700 /* NeoScan.swift */; };
		6EADA99C2071ED530090C700 /* neoutils.framework in Frameworks */ = {isa = PBXBuildFile; fileRef = 35673162203BE83500DD57DC /* neoutils.framework */; };
		6EADA99E2071EEE40090C700 /* NeoScanBalance.swift in Sources */ = {isa = PBXBuildFile; fileRef = 6EADA99D2071EEE40090C700 /* NeoScanBalance.swift */; };
		6EADA99F2071F1240090C700 /* NeoScanBalance.swift in Sources */ = {isa = PBXBuildFile; fileRef = 6EADA99D2071EEE40090C700 /* NeoScanBalance.swift */; };
		6EAE4EB01FFC619D000DC36F /* NEP2.swift in Sources */ = {isa = PBXBuildFile; fileRef = F3F0E1981F8E960500AAF53E /* NEP2.swift */; };
		6EAE4EB11FFC619D000DC36F /* Base58.swift in Sources */ = {isa = PBXBuildFile; fileRef = F31C7F0B1F6E75530075688D /* Base58.swift */; };
		6EAE4EB21FFC619D000DC36F /* Data+Util.swift in Sources */ = {isa = PBXBuildFile; fileRef = F31C7F0C1F6E75530075688D /* Data+Util.swift */; };
		6EAE4EB31FFC619D000DC36F /* NEONetwork.swift in Sources */ = {isa = PBXBuildFile; fileRef = 6EE8BB9C1F9B18D000EF69D8 /* NEONetwork.swift */; };
		6EAE4EB41FFC619D000DC36F /* NEP5Token.swift in Sources */ = {isa = PBXBuildFile; fileRef = 75F0A39B1FA5F136009E45CB /* NEP5Token.swift */; };
		6EAE4EB51FFC619D000DC36F /* SHA256.swift in Sources */ = {isa = PBXBuildFile; fileRef = F31C7F0D1F6E75530075688D /* SHA256.swift */; };
		6EAE4EB61FFC619D000DC36F /* Peer.swift in Sources */ = {isa = PBXBuildFile; fileRef = 6E67B16D1F9B368100C566B6 /* Peer.swift */; };
		6EAE4EB71FFC619D000DC36F /* Script.swift in Sources */ = {isa = PBXBuildFile; fileRef = 75CDAE171F47FFDA00B05C51 /* Script.swift */; };
		6EAE4EB81FFC619D000DC36F /* Claims.swift in Sources */ = {isa = PBXBuildFile; fileRef = 7575ADF71F63B97B0077007B /* Claims.swift */; };
		6EAE4EB91FFC619D000DC36F /* WIF.swift in Sources */ = {isa = PBXBuildFile; fileRef = 75E8E49B1F4DBFAC00DBCD8E /* WIF.swift */; };
		6EAE4EBA1FFC619D000DC36F /* RIPEMD160.swift in Sources */ = {isa = PBXBuildFile; fileRef = 6E5747541FE7CE28004EB4C4 /* RIPEMD160.swift */; };
		6EAE4EBB1FFC619D000DC36F /* AccountState.swift in Sources */ = {isa = PBXBuildFile; fileRef = 6E013E2F1F695337006EE34F /* AccountState.swift */; };
		6EAE4EBC1FFC619D000DC36F /* ScriptBuilder.swift in Sources */ = {isa = PBXBuildFile; fileRef = 75670B891FA46ED100199380 /* ScriptBuilder.swift */; };
		6EAE4EBD1FFC619D000DC36F /* OpCodes.swift in Sources */ = {isa = PBXBuildFile; fileRef = 75670B871FA46A7800199380 /* OpCodes.swift */; };
		6EAE4EBE1FFC619D000DC36F /* Block.swift in Sources */ = {isa = PBXBuildFile; fileRef = 75CDAE151F47F96000B05C51 /* Block.swift */; };
		6EAE4EBF1FFC619D000DC36F /* AES.swift in Sources */ = {isa = PBXBuildFile; fileRef = F3B8168F1F7432B60023A54E /* AES.swift */; };
		6EAE4EC01FFC619D000DC36F /* scrypt.swift in Sources */ = {isa = PBXBuildFile; fileRef = F359ED3A1F75BF2900ED6E8E /* scrypt.swift */; };
		6EAE4EC21FFC619D000DC36F /* TransactionHistory.swift in Sources */ = {isa = PBXBuildFile; fileRef = 753518DD1F6E365500453245 /* TransactionHistory.swift */; };
		6EAE4EC31FFC619D000DC36F /* TransactionAttritbute.swift in Sources */ = {isa = PBXBuildFile; fileRef = 6E0F80C61F67F8E90068CEF8 /* TransactionAttritbute.swift */; };
		6EAE4EC41FFC619D000DC36F /* ValueOut.swift in Sources */ = {isa = PBXBuildFile; fileRef = 75CDAE1B1F48036C00B05C51 /* ValueOut.swift */; };
		6EAE4EC51FFC619D000DC36F /* ContractResult.swift in Sources */ = {isa = PBXBuildFile; fileRef = 7505E3481FA76DD9007BAF89 /* ContractResult.swift */; };
		6EAE4EC61FFC619D000DC36F /* ValueIn.swift in Sources */ = {isa = PBXBuildFile; fileRef = 75CDAE191F4801F500B05C51 /* ValueIn.swift */; };
		6EAE4EC71FFC619D000DC36F /* Asset.swift in Sources */ = {isa = PBXBuildFile; fileRef = 6E013E2D1F694B77006EE34F /* Asset.swift */; };
		6EAE4EC81FFC619D000DC36F /* Account.swift in Sources */ = {isa = PBXBuildFile; fileRef = 75631AD41F5013BC008546CF /* Account.swift */; };
		6EAE4EC91FFC619D000DC36F /* Transaction.swift in Sources */ = {isa = PBXBuildFile; fileRef = 75CDAE1D1F4803E200B05C51 /* Transaction.swift */; };
		6EAE4ECA1FFC619D000DC36F /* Balance.swift in Sources */ = {isa = PBXBuildFile; fileRef = 75631ADC1F516D94008546CF /* Balance.swift */; };
		6EAE4ECB1FFC619D000DC36F /* PBKDF2.swift in Sources */ = {isa = PBXBuildFile; fileRef = F359ED361F75B93900ED6E8E /* PBKDF2.swift */; };
		6EAE4ECC1FFC619D000DC36F /* AssetIdConstants.swift in Sources */ = {isa = PBXBuildFile; fileRef = 75631ADA1F5162F6008546CF /* AssetIdConstants.swift */; };
		6EAE4ECD1FFC619D000DC36F /* NeoClient.swift in Sources */ = {isa = PBXBuildFile; fileRef = 75CDAE301F48750E00B05C51 /* NeoClient.swift */; };
		6EAE4ECE1FFC619D000DC36F /* Array+Util.swift in Sources */ = {isa = PBXBuildFile; fileRef = F3FBEE4B1F7AC81A00CF06A1 /* Array+Util.swift */; };
		6EAE4ED01FFC619D000DC36F /* Neowallet.framework in Frameworks */ = {isa = PBXBuildFile; fileRef = 75DBF7271F5D7714006C87F3 /* Neowallet.framework */; };
		6EAE4ED31FFC619D000DC36F /* nodes.json in Resources */ = {isa = PBXBuildFile; fileRef = 6EE8BB9B1F9B171100EF69D8 /* nodes.json */; };
		6EAE4ED41FFC619D000DC36F /* strip-frameworks.sh in Resources */ = {isa = PBXBuildFile; fileRef = 6E7E088B1F6E9BEC000B86A9 /* strip-frameworks.sh */; };
		6EE8BB9D1F9B18D000EF69D8 /* NEONetwork.swift in Sources */ = {isa = PBXBuildFile; fileRef = 6EE8BB9C1F9B18D000EF69D8 /* NEONetwork.swift */; };
		7505E3491FA76DD9007BAF89 /* ContractResult.swift in Sources */ = {isa = PBXBuildFile; fileRef = 7505E3481FA76DD9007BAF89 /* ContractResult.swift */; };
		753518DE1F6E365500453245 /* TransactionHistory.swift in Sources */ = {isa = PBXBuildFile; fileRef = 753518DD1F6E365500453245 /* TransactionHistory.swift */; };
		754533971FA77E9C0005BE53 /* ContractResult.swift in Sources */ = {isa = PBXBuildFile; fileRef = 7505E3481FA76DD9007BAF89 /* ContractResult.swift */; };
		754533981FA7881B0005BE53 /* NEP5Token.swift in Sources */ = {isa = PBXBuildFile; fileRef = 75F0A39B1FA5F136009E45CB /* NEP5Token.swift */; };
		754533991FA788370005BE53 /* ScriptBuilder.swift in Sources */ = {isa = PBXBuildFile; fileRef = 75670B891FA46ED100199380 /* ScriptBuilder.swift */; };
		7545339A1FA78AB90005BE53 /* OpCodes.swift in Sources */ = {isa = PBXBuildFile; fileRef = 75670B871FA46A7800199380 /* OpCodes.swift */; };
		75631AD51F5013BC008546CF /* Account.swift in Sources */ = {isa = PBXBuildFile; fileRef = 75631AD41F5013BC008546CF /* Account.swift */; };
		75631ADB1F5162F6008546CF /* AssetIdConstants.swift in Sources */ = {isa = PBXBuildFile; fileRef = 75631ADA1F5162F6008546CF /* AssetIdConstants.swift */; };
		75631ADD1F516D94008546CF /* Balance.swift in Sources */ = {isa = PBXBuildFile; fileRef = 75631ADC1F516D94008546CF /* Balance.swift */; };
		75670B881FA46A7800199380 /* OpCodes.swift in Sources */ = {isa = PBXBuildFile; fileRef = 75670B871FA46A7800199380 /* OpCodes.swift */; };
		75670B8A1FA46ED100199380 /* ScriptBuilder.swift in Sources */ = {isa = PBXBuildFile; fileRef = 75670B891FA46ED100199380 /* ScriptBuilder.swift */; };
		7575ADF61F602C590077007B /* NeoWalletTests.swift in Sources */ = {isa = PBXBuildFile; fileRef = 7575ADF51F602C590077007B /* NeoWalletTests.swift */; };
		7575ADF81F63B97B0077007B /* Claims.swift in Sources */ = {isa = PBXBuildFile; fileRef = 7575ADF71F63B97B0077007B /* Claims.swift */; };
		75CDAE161F47F96000B05C51 /* Block.swift in Sources */ = {isa = PBXBuildFile; fileRef = 75CDAE151F47F96000B05C51 /* Block.swift */; };
		75CDAE181F47FFDA00B05C51 /* Script.swift in Sources */ = {isa = PBXBuildFile; fileRef = 75CDAE171F47FFDA00B05C51 /* Script.swift */; };
		75CDAE1A1F4801F500B05C51 /* ValueIn.swift in Sources */ = {isa = PBXBuildFile; fileRef = 75CDAE191F4801F500B05C51 /* ValueIn.swift */; };
		75CDAE1C1F48036C00B05C51 /* ValueOut.swift in Sources */ = {isa = PBXBuildFile; fileRef = 75CDAE1B1F48036C00B05C51 /* ValueOut.swift */; };
		75CDAE1E1F4803E200B05C51 /* Transaction.swift in Sources */ = {isa = PBXBuildFile; fileRef = 75CDAE1D1F4803E200B05C51 /* Transaction.swift */; };
		75CDAE281F48680500B05C51 /* NeoSwiftTests.swift in Sources */ = {isa = PBXBuildFile; fileRef = 75CDAE271F48680500B05C51 /* NeoSwiftTests.swift */; };
		75CDAE2A1F48680500B05C51 /* NeoSwift.framework in Frameworks */ = {isa = PBXBuildFile; fileRef = 75CDAE091F47F90800B05C51 /* NeoSwift.framework */; };
		75CDAE311F48750E00B05C51 /* NeoClient.swift in Sources */ = {isa = PBXBuildFile; fileRef = 75CDAE301F48750E00B05C51 /* NeoClient.swift */; };
		75E8E49C1F4DBFAC00DBCD8E /* WIF.swift in Sources */ = {isa = PBXBuildFile; fileRef = 75E8E49B1F4DBFAC00DBCD8E /* WIF.swift */; };
		75E8E4A61F4EAB5800DBCD8E /* NeoSwift.framework in Resources */ = {isa = PBXBuildFile; fileRef = 75CDAE091F47F90800B05C51 /* NeoSwift.framework */; };
		75F0A39A1FA59CC1009E45CB /* NeoContractTests.swift in Sources */ = {isa = PBXBuildFile; fileRef = 75F0A3991FA59CC1009E45CB /* NeoContractTests.swift */; };
		75F0A39C1FA5F136009E45CB /* NEP5Token.swift in Sources */ = {isa = PBXBuildFile; fileRef = 75F0A39B1FA5F136009E45CB /* NEP5Token.swift */; };
		F31C7F0E1F6E759D0075688D /* Base58.swift in Sources */ = {isa = PBXBuildFile; fileRef = F31C7F0B1F6E75530075688D /* Base58.swift */; };
		F31C7F0F1F6E759D0075688D /* Data+Util.swift in Sources */ = {isa = PBXBuildFile; fileRef = F31C7F0C1F6E75530075688D /* Data+Util.swift */; };
		F31C7F101F6E759D0075688D /* SHA256.swift in Sources */ = {isa = PBXBuildFile; fileRef = F31C7F0D1F6E75530075688D /* SHA256.swift */; };
		F31C7FA21F6E83D70075688D /* NeoCryptoTests.swift in Sources */ = {isa = PBXBuildFile; fileRef = F31C7FA11F6E83D70075688D /* NeoCryptoTests.swift */; };
		F359ED371F75B93900ED6E8E /* PBKDF2.swift in Sources */ = {isa = PBXBuildFile; fileRef = F359ED361F75B93900ED6E8E /* PBKDF2.swift */; };
		F359ED381F75B93900ED6E8E /* PBKDF2.swift in Sources */ = {isa = PBXBuildFile; fileRef = F359ED361F75B93900ED6E8E /* PBKDF2.swift */; };
		F359ED3B1F75BF2900ED6E8E /* scrypt.swift in Sources */ = {isa = PBXBuildFile; fileRef = F359ED3A1F75BF2900ED6E8E /* scrypt.swift */; };
		F359ED3C1F75BF2900ED6E8E /* scrypt.swift in Sources */ = {isa = PBXBuildFile; fileRef = F359ED3A1F75BF2900ED6E8E /* scrypt.swift */; };
		F35E74E01F8FDE8300DF0927 /* Claims.swift in Sources */ = {isa = PBXBuildFile; fileRef = 7575ADF71F63B97B0077007B /* Claims.swift */; };
		F389E27B1F8771170023BDC5 /* Account.swift in Sources */ = {isa = PBXBuildFile; fileRef = 75631AD41F5013BC008546CF /* Account.swift */; };
		F389E27D1F8771850023BDC5 /* AssetIdConstants.swift in Sources */ = {isa = PBXBuildFile; fileRef = 75631ADA1F5162F6008546CF /* AssetIdConstants.swift */; };
		F389E27E1F8771850023BDC5 /* WIF.swift in Sources */ = {isa = PBXBuildFile; fileRef = 75E8E49B1F4DBFAC00DBCD8E /* WIF.swift */; };
		F389E27F1F8771850023BDC5 /* Block.swift in Sources */ = {isa = PBXBuildFile; fileRef = 75CDAE151F47F96000B05C51 /* Block.swift */; };
		F389E2801F8771850023BDC5 /* Script.swift in Sources */ = {isa = PBXBuildFile; fileRef = 75CDAE171F47FFDA00B05C51 /* Script.swift */; };
		F389E2811F8771850023BDC5 /* ValueIn.swift in Sources */ = {isa = PBXBuildFile; fileRef = 75CDAE191F4801F500B05C51 /* ValueIn.swift */; };
		F389E2821F8771850023BDC5 /* ValueOut.swift in Sources */ = {isa = PBXBuildFile; fileRef = 75CDAE1B1F48036C00B05C51 /* ValueOut.swift */; };
		F389E2831F8771850023BDC5 /* Balance.swift in Sources */ = {isa = PBXBuildFile; fileRef = 75631ADC1F516D94008546CF /* Balance.swift */; };
		F389E2841F8771850023BDC5 /* Transaction.swift in Sources */ = {isa = PBXBuildFile; fileRef = 75CDAE1D1F4803E200B05C51 /* Transaction.swift */; };
		F389E2851F8771850023BDC5 /* TransactionAttritbute.swift in Sources */ = {isa = PBXBuildFile; fileRef = 6E0F80C61F67F8E90068CEF8 /* TransactionAttritbute.swift */; };
		F389E2861F8771850023BDC5 /* Asset.swift in Sources */ = {isa = PBXBuildFile; fileRef = 6E013E2D1F694B77006EE34F /* Asset.swift */; };
		F389E2871F8771850023BDC5 /* AccountState.swift in Sources */ = {isa = PBXBuildFile; fileRef = 6E013E2F1F695337006EE34F /* AccountState.swift */; };
		F389E2881F8771850023BDC5 /* TransactionHistory.swift in Sources */ = {isa = PBXBuildFile; fileRef = 753518DD1F6E365500453245 /* TransactionHistory.swift */; };
		F389E2891F8771950023BDC5 /* NeoClient.swift in Sources */ = {isa = PBXBuildFile; fileRef = 75CDAE301F48750E00B05C51 /* NeoClient.swift */; };
		F3B816901F7432B60023A54E /* AES.swift in Sources */ = {isa = PBXBuildFile; fileRef = F3B8168F1F7432B60023A54E /* AES.swift */; };
		F3B816911F7437CC0023A54E /* Base58.swift in Sources */ = {isa = PBXBuildFile; fileRef = F31C7F0B1F6E75530075688D /* Base58.swift */; };
		F3B816921F7437CC0023A54E /* Data+Util.swift in Sources */ = {isa = PBXBuildFile; fileRef = F31C7F0C1F6E75530075688D /* Data+Util.swift */; };
		F3B816931F7437CC0023A54E /* SHA256.swift in Sources */ = {isa = PBXBuildFile; fileRef = F31C7F0D1F6E75530075688D /* SHA256.swift */; };
		F3B816941F7437CC0023A54E /* AES.swift in Sources */ = {isa = PBXBuildFile; fileRef = F3B8168F1F7432B60023A54E /* AES.swift */; };
		F3F0E1991F8E960500AAF53E /* NEP2.swift in Sources */ = {isa = PBXBuildFile; fileRef = F3F0E1981F8E960500AAF53E /* NEP2.swift */; };
		F3F0E19A1F8E960500AAF53E /* NEP2.swift in Sources */ = {isa = PBXBuildFile; fileRef = F3F0E1981F8E960500AAF53E /* NEP2.swift */; };
		F3FBEE4C1F7AC81A00CF06A1 /* Array+Util.swift in Sources */ = {isa = PBXBuildFile; fileRef = F3FBEE4B1F7AC81A00CF06A1 /* Array+Util.swift */; };
		F3FBEE4D1F7AC81A00CF06A1 /* Array+Util.swift in Sources */ = {isa = PBXBuildFile; fileRef = F3FBEE4B1F7AC81A00CF06A1 /* Array+Util.swift */; };
/* End PBXBuildFile section */

/* Begin PBXContainerItemProxy section */
		75CDAE2B1F48680500B05C51 /* PBXContainerItemProxy */ = {
			isa = PBXContainerItemProxy;
			containerPortal = 75CDAE001F47F90800B05C51 /* Project object */;
			proxyType = 1;
			remoteGlobalIDString = 75CDAE081F47F90800B05C51;
			remoteInfo = NeoSwift;
		};
/* End PBXContainerItemProxy section */

/* Begin PBXCopyFilesBuildPhase section */
		6EAE4ED51FFC619D000DC36F /* CopyFiles */ = {
			isa = PBXCopyFilesBuildPhase;
			buildActionMask = 2147483647;
			dstPath = "";
			dstSubfolderSpec = 16;
			files = (
			);
			runOnlyForDeploymentPostprocessing = 0;
		};
		75631AD11F4FB8B6008546CF /* CopyFiles */ = {
			isa = PBXCopyFilesBuildPhase;
			buildActionMask = 2147483647;
			dstPath = "";
			dstSubfolderSpec = 10;
			files = (
			);
			runOnlyForDeploymentPostprocessing = 0;
		};
/* End PBXCopyFilesBuildPhase section */

/* Begin PBXFileReference section */
		350E2718207B5CE3006AB519 /* NeoScanTransactionHistory.swift */ = {isa = PBXFileReference; fileEncoding = 4; lastKnownFileType = sourcecode.swift; path = NeoScanTransactionHistory.swift; sourceTree = "<group>"; };
		35494584203D4D4500332E53 /* NEP9.swift */ = {isa = PBXFileReference; lastKnownFileType = sourcecode.swift; path = NEP9.swift; sourceTree = "<group>"; };
		35494586203D500E00332E53 /* validator.swift */ = {isa = PBXFileReference; lastKnownFileType = sourcecode.swift; path = validator.swift; sourceTree = "<group>"; };
		35494588203D50C900332E53 /* ShamirSecret.swift */ = {isa = PBXFileReference; lastKnownFileType = sourcecode.swift; path = ShamirSecret.swift; sourceTree = "<group>"; };
		35673162203BE83500DD57DC /* neoutils.framework */ = {isa = PBXFileReference; lastKnownFileType = wrapper.framework; path = neoutils.framework; sourceTree = "<group>"; };
		6E013E2D1F694B77006EE34F /* Asset.swift */ = {isa = PBXFileReference; lastKnownFileType = sourcecode.swift; path = Asset.swift; sourceTree = "<group>"; };
		6E013E2F1F695337006EE34F /* AccountState.swift */ = {isa = PBXFileReference; lastKnownFileType = sourcecode.swift; path = AccountState.swift; sourceTree = "<group>"; };
		6E0F80C61F67F8E90068CEF8 /* TransactionAttritbute.swift */ = {isa = PBXFileReference; lastKnownFileType = sourcecode.swift; path = TransactionAttritbute.swift; sourceTree = "<group>"; };
		6E5747541FE7CE28004EB4C4 /* RIPEMD160.swift */ = {isa = PBXFileReference; lastKnownFileType = sourcecode.swift; path = RIPEMD160.swift; sourceTree = "<group>"; };
		6E67B16D1F9B368100C566B6 /* Peer.swift */ = {isa = PBXFileReference; lastKnownFileType = sourcecode.swift; path = Peer.swift; sourceTree = "<group>"; };
		6E7E088B1F6E9BEC000B86A9 /* strip-frameworks.sh */ = {isa = PBXFileReference; lastKnownFileType = text.script.sh; path = "strip-frameworks.sh"; sourceTree = "<group>"; };
		6E821F9F1FEF42730002A790 /* NEOECDH.swift */ = {isa = PBXFileReference; lastKnownFileType = sourcecode.swift; path = NEOECDH.swift; sourceTree = "<group>"; };
		6EADA9952071E7B80090C700 /* NeoScan.swift */ = {isa = PBXFileReference; lastKnownFileType = sourcecode.swift; path = NeoScan.swift; sourceTree = "<group>"; };
		6EADA9982071EBDF0090C700 /* NeoScanTest.swift */ = {isa = PBXFileReference; lastKnownFileType = sourcecode.swift; path = NeoScanTest.swift; sourceTree = "<group>"; };
		6EADA99D2071EEE40090C700 /* NeoScanBalance.swift */ = {isa = PBXFileReference; lastKnownFileType = sourcecode.swift; path = NeoScanBalance.swift; sourceTree = "<group>"; };
		6EAE4ED91FFC619D000DC36F /* NeoSwift_macos.framework */ = {isa = PBXFileReference; explicitFileType = wrapper.framework; includeInIndex = 0; path = NeoSwift_macos.framework; sourceTree = BUILT_PRODUCTS_DIR; };
		6EAE4EDA1FFC619E000DC36F /* NeoSwift_macos-Info.plist */ = {isa = PBXFileReference; lastKnownFileType = text.plist.xml; name = "NeoSwift_macos-Info.plist"; path = "/Users/apisit/O3Labs/github.com:cityofzion/neo-swift/NeoSwift_macos-Info.plist"; sourceTree = "<absolute>"; };
		6EE8BB9B1F9B171100EF69D8 /* nodes.json */ = {isa = PBXFileReference; lastKnownFileType = text.json; path = nodes.json; sourceTree = "<group>"; };
		6EE8BB9C1F9B18D000EF69D8 /* NEONetwork.swift */ = {isa = PBXFileReference; lastKnownFileType = sourcecode.swift; path = NEONetwork.swift; sourceTree = "<group>"; };
		7505E3481FA76DD9007BAF89 /* ContractResult.swift */ = {isa = PBXFileReference; lastKnownFileType = sourcecode.swift; path = ContractResult.swift; sourceTree = "<group>"; };
		753518DD1F6E365500453245 /* TransactionHistory.swift */ = {isa = PBXFileReference; lastKnownFileType = sourcecode.swift; path = TransactionHistory.swift; sourceTree = "<group>"; };
		75631AD41F5013BC008546CF /* Account.swift */ = {isa = PBXFileReference; lastKnownFileType = sourcecode.swift; path = Account.swift; sourceTree = "<group>"; };
		75631ADA1F5162F6008546CF /* AssetIdConstants.swift */ = {isa = PBXFileReference; lastKnownFileType = sourcecode.swift; path = AssetIdConstants.swift; sourceTree = "<group>"; };
		75631ADC1F516D94008546CF /* Balance.swift */ = {isa = PBXFileReference; lastKnownFileType = sourcecode.swift; path = Balance.swift; sourceTree = "<group>"; };
		75670B871FA46A7800199380 /* OpCodes.swift */ = {isa = PBXFileReference; lastKnownFileType = sourcecode.swift; path = OpCodes.swift; sourceTree = "<group>"; };
		75670B891FA46ED100199380 /* ScriptBuilder.swift */ = {isa = PBXFileReference; lastKnownFileType = sourcecode.swift; path = ScriptBuilder.swift; sourceTree = "<group>"; };
		7575ADF51F602C590077007B /* NeoWalletTests.swift */ = {isa = PBXFileReference; lastKnownFileType = sourcecode.swift; path = NeoWalletTests.swift; sourceTree = "<group>"; };
		7575ADF71F63B97B0077007B /* Claims.swift */ = {isa = PBXFileReference; lastKnownFileType = sourcecode.swift; path = Claims.swift; sourceTree = "<group>"; };
		75CDAE091F47F90800B05C51 /* NeoSwift.framework */ = {isa = PBXFileReference; explicitFileType = wrapper.framework; includeInIndex = 0; path = NeoSwift.framework; sourceTree = BUILT_PRODUCTS_DIR; };
		75CDAE0D1F47F90800B05C51 /* Info.plist */ = {isa = PBXFileReference; lastKnownFileType = text.plist.xml; path = Info.plist; sourceTree = "<group>"; };
		75CDAE151F47F96000B05C51 /* Block.swift */ = {isa = PBXFileReference; lastKnownFileType = sourcecode.swift; path = Block.swift; sourceTree = "<group>"; };
		75CDAE171F47FFDA00B05C51 /* Script.swift */ = {isa = PBXFileReference; lastKnownFileType = sourcecode.swift; path = Script.swift; sourceTree = "<group>"; };
		75CDAE191F4801F500B05C51 /* ValueIn.swift */ = {isa = PBXFileReference; lastKnownFileType = sourcecode.swift; path = ValueIn.swift; sourceTree = "<group>"; };
		75CDAE1B1F48036C00B05C51 /* ValueOut.swift */ = {isa = PBXFileReference; lastKnownFileType = sourcecode.swift; path = ValueOut.swift; sourceTree = "<group>"; };
		75CDAE1D1F4803E200B05C51 /* Transaction.swift */ = {isa = PBXFileReference; lastKnownFileType = sourcecode.swift; path = Transaction.swift; sourceTree = "<group>"; };
		75CDAE251F48680500B05C51 /* NeoSwiftTests.xctest */ = {isa = PBXFileReference; explicitFileType = wrapper.cfbundle; includeInIndex = 0; path = NeoSwiftTests.xctest; sourceTree = BUILT_PRODUCTS_DIR; };
		75CDAE271F48680500B05C51 /* NeoSwiftTests.swift */ = {isa = PBXFileReference; lastKnownFileType = sourcecode.swift; path = NeoSwiftTests.swift; sourceTree = "<group>"; };
		75CDAE291F48680500B05C51 /* Info.plist */ = {isa = PBXFileReference; lastKnownFileType = text.plist.xml; path = Info.plist; sourceTree = "<group>"; };
		75CDAE301F48750E00B05C51 /* NeoClient.swift */ = {isa = PBXFileReference; lastKnownFileType = sourcecode.swift; name = NeoClient.swift; path = NeoSwift/NeoClient.swift; sourceTree = SOURCE_ROOT; };
		75DBF7271F5D7714006C87F3 /* Neowallet.framework */ = {isa = PBXFileReference; lastKnownFileType = wrapper.framework; path = Neowallet.framework; sourceTree = "<group>"; };
		75E8E49B1F4DBFAC00DBCD8E /* WIF.swift */ = {isa = PBXFileReference; lastKnownFileType = sourcecode.swift; path = WIF.swift; sourceTree = "<group>"; };
		75F0A3991FA59CC1009E45CB /* NeoContractTests.swift */ = {isa = PBXFileReference; lastKnownFileType = sourcecode.swift; path = NeoContractTests.swift; sourceTree = "<group>"; };
		75F0A39B1FA5F136009E45CB /* NEP5Token.swift */ = {isa = PBXFileReference; lastKnownFileType = sourcecode.swift; path = NEP5Token.swift; sourceTree = "<group>"; };
		F31C7F0B1F6E75530075688D /* Base58.swift */ = {isa = PBXFileReference; lastKnownFileType = sourcecode.swift; path = Base58.swift; sourceTree = "<group>"; };
		F31C7F0C1F6E75530075688D /* Data+Util.swift */ = {isa = PBXFileReference; lastKnownFileType = sourcecode.swift; path = "Data+Util.swift"; sourceTree = "<group>"; };
		F31C7F0D1F6E75530075688D /* SHA256.swift */ = {isa = PBXFileReference; lastKnownFileType = sourcecode.swift; path = SHA256.swift; sourceTree = "<group>"; };
		F31C7FA11F6E83D70075688D /* NeoCryptoTests.swift */ = {isa = PBXFileReference; lastKnownFileType = sourcecode.swift; path = NeoCryptoTests.swift; sourceTree = "<group>"; };
		F359ED361F75B93900ED6E8E /* PBKDF2.swift */ = {isa = PBXFileReference; lastKnownFileType = sourcecode.swift; path = PBKDF2.swift; sourceTree = "<group>"; };
		F359ED3A1F75BF2900ED6E8E /* scrypt.swift */ = {isa = PBXFileReference; lastKnownFileType = sourcecode.swift; path = scrypt.swift; sourceTree = "<group>"; };
		F3B8168F1F7432B60023A54E /* AES.swift */ = {isa = PBXFileReference; lastKnownFileType = sourcecode.swift; path = AES.swift; sourceTree = "<group>"; };
		F3F0E1981F8E960500AAF53E /* NEP2.swift */ = {isa = PBXFileReference; lastKnownFileType = sourcecode.swift; path = NEP2.swift; sourceTree = "<group>"; };
		F3FBEE4B1F7AC81A00CF06A1 /* Array+Util.swift */ = {isa = PBXFileReference; lastKnownFileType = sourcecode.swift; path = "Array+Util.swift"; sourceTree = "<group>"; };
/* End PBXFileReference section */

/* Begin PBXFrameworksBuildPhase section */
		6EAE4ECF1FFC619D000DC36F /* Frameworks */ = {
			isa = PBXFrameworksBuildPhase;
			buildActionMask = 2147483647;
			files = (
				6EAE4ED01FFC619D000DC36F /* Neowallet.framework in Frameworks */,
			);
			runOnlyForDeploymentPostprocessing = 0;
		};
		75CDAE051F47F90800B05C51 /* Frameworks */ = {
			isa = PBXFrameworksBuildPhase;
			buildActionMask = 2147483647;
			files = (
				35673163203BE83600DD57DC /* neoutils.framework in Frameworks */,
			);
			runOnlyForDeploymentPostprocessing = 0;
		};
		75CDAE221F48680500B05C51 /* Frameworks */ = {
			isa = PBXFrameworksBuildPhase;
			buildActionMask = 2147483647;
			files = (
				75CDAE2A1F48680500B05C51 /* NeoSwift.framework in Frameworks */,
				6EADA99C2071ED530090C700 /* neoutils.framework in Frameworks */,
			);
			runOnlyForDeploymentPostprocessing = 0;
		};
/* End PBXFrameworksBuildPhase section */

/* Begin PBXGroup section */
		6E0A713C1FE8AA4600027332 /* Recovered References */ = {
			isa = PBXGroup;
			children = (
			);
			name = "Recovered References";
			sourceTree = "<group>";
		};
		6E7E088A1F6E9BEC000B86A9 /* scripts */ = {
			isa = PBXGroup;
			children = (
				6E7E088B1F6E9BEC000B86A9 /* strip-frameworks.sh */,
			);
			path = scripts;
			sourceTree = "<group>";
		};
		6EE8BB9A1F9B171100EF69D8 /* data */ = {
			isa = PBXGroup;
			children = (
				6EE8BB9B1F9B171100EF69D8 /* nodes.json */,
			);
			path = data;
			sourceTree = "<group>";
		};
		75670B861FA46A5C00199380 /* Contracts */ = {
			isa = PBXGroup;
			children = (
				75670B871FA46A7800199380 /* OpCodes.swift */,
				75F0A39B1FA5F136009E45CB /* NEP5Token.swift */,
				75670B891FA46ED100199380 /* ScriptBuilder.swift */,
			);
			path = Contracts;
			sourceTree = "<group>";
		};
		75CDADFF1F47F90800B05C51 = {
			isa = PBXGroup;
			children = (
				75CDAE0B1F47F90800B05C51 /* NeoSwift */,
				75CDAE261F48680500B05C51 /* NeoSwiftTests */,
				75CDAE0A1F47F90800B05C51 /* Products */,
				75E8E4971F4DBD5300DBCD8E /* Frameworks */,
				6E0A713C1FE8AA4600027332 /* Recovered References */,
				6EAE4EDA1FFC619E000DC36F /* NeoSwift_macos-Info.plist */,
			);
			sourceTree = "<group>";
		};
		75CDAE0A1F47F90800B05C51 /* Products */ = {
			isa = PBXGroup;
			children = (
				75CDAE091F47F90800B05C51 /* NeoSwift.framework */,
				75CDAE251F48680500B05C51 /* NeoSwiftTests.xctest */,
				6EAE4ED91FFC619D000DC36F /* NeoSwift_macos.framework */,
			);
			name = Products;
			sourceTree = "<group>";
		};
		75CDAE0B1F47F90800B05C51 /* NeoSwift */ = {
			isa = PBXGroup;
			children = (
				75670B861FA46A5C00199380 /* Contracts */,
				6EE8BB9A1F9B171100EF69D8 /* data */,
				6E7E088A1F6E9BEC000B86A9 /* scripts */,
				75CDAE301F48750E00B05C51 /* NeoClient.swift */,
				6EADA9952071E7B80090C700 /* NeoScan.swift */,
				75631AD41F5013BC008546CF /* Account.swift */,
				75631ADA1F5162F6008546CF /* AssetIdConstants.swift */,
				75E8E49B1F4DBFAC00DBCD8E /* WIF.swift */,
				35494588203D50C900332E53 /* ShamirSecret.swift */,
				75CDAE141F47F92400B05C51 /* Models */,
				F359ED391F75BE5800ED6E8E /* Crypto */,
				F31C7F0A1F6E75530075688D /* Util */,
				75CDAE0D1F47F90800B05C51 /* Info.plist */,
			);
			path = NeoSwift;
			sourceTree = "<group>";
		};
		75CDAE141F47F92400B05C51 /* Models */ = {
			isa = PBXGroup;
			children = (
				350E2718207B5CE3006AB519 /* NeoScanTransactionHistory.swift */,
				75CDAE151F47F96000B05C51 /* Block.swift */,
				75CDAE171F47FFDA00B05C51 /* Script.swift */,
				75CDAE191F4801F500B05C51 /* ValueIn.swift */,
				75CDAE1B1F48036C00B05C51 /* ValueOut.swift */,
				75631ADC1F516D94008546CF /* Balance.swift */,
				75CDAE1D1F4803E200B05C51 /* Transaction.swift */,
				7575ADF71F63B97B0077007B /* Claims.swift */,
				6E0F80C61F67F8E90068CEF8 /* TransactionAttritbute.swift */,
				6E013E2D1F694B77006EE34F /* Asset.swift */,
				6E013E2F1F695337006EE34F /* AccountState.swift */,
				753518DD1F6E365500453245 /* TransactionHistory.swift */,
				6EE8BB9C1F9B18D000EF69D8 /* NEONetwork.swift */,
				6E67B16D1F9B368100C566B6 /* Peer.swift */,
				7505E3481FA76DD9007BAF89 /* ContractResult.swift */,
				6EADA99D2071EEE40090C700 /* NeoScanBalance.swift */,
			);
			path = Models;
			sourceTree = "<group>";
		};
		75CDAE261F48680500B05C51 /* NeoSwiftTests */ = {
			isa = PBXGroup;
			children = (
				75CDAE271F48680500B05C51 /* NeoSwiftTests.swift */,
				7575ADF51F602C590077007B /* NeoWalletTests.swift */,
				F31C7FA11F6E83D70075688D /* NeoCryptoTests.swift */,
				75CDAE291F48680500B05C51 /* Info.plist */,
				75F0A3991FA59CC1009E45CB /* NeoContractTests.swift */,
				6E821F9F1FEF42730002A790 /* NEOECDH.swift */,
				6EADA9982071EBDF0090C700 /* NeoScanTest.swift */,
			);
			path = NeoSwiftTests;
			sourceTree = "<group>";
		};
		75E8E4971F4DBD5300DBCD8E /* Frameworks */ = {
			isa = PBXGroup;
			children = (
				35673162203BE83500DD57DC /* neoutils.framework */,
				75DBF7271F5D7714006C87F3 /* Neowallet.framework */,
			);
			name = Frameworks;
			sourceTree = "<group>";
		};
		F31C7F0A1F6E75530075688D /* Util */ = {
			isa = PBXGroup;
			children = (
				F31C7F0B1F6E75530075688D /* Base58.swift */,
				F31C7F0C1F6E75530075688D /* Data+Util.swift */,
				F3FBEE4B1F7AC81A00CF06A1 /* Array+Util.swift */,
				F3F0E1981F8E960500AAF53E /* NEP2.swift */,
				35494584203D4D4500332E53 /* NEP9.swift */,
				35494586203D500E00332E53 /* validator.swift */,
			);
			path = Util;
			sourceTree = "<group>";
		};
		F359ED391F75BE5800ED6E8E /* Crypto */ = {
			isa = PBXGroup;
			children = (
				F3B8168F1F7432B60023A54E /* AES.swift */,
				F359ED361F75B93900ED6E8E /* PBKDF2.swift */,
				F31C7F0D1F6E75530075688D /* SHA256.swift */,
				F359ED3A1F75BF2900ED6E8E /* scrypt.swift */,
				6E5747541FE7CE28004EB4C4 /* RIPEMD160.swift */,
			);
			path = Crypto;
			sourceTree = "<group>";
		};
/* End PBXGroup section */

/* Begin PBXHeadersBuildPhase section */
		6EAE4ED11FFC619D000DC36F /* Headers */ = {
			isa = PBXHeadersBuildPhase;
			buildActionMask = 2147483647;
			files = (
			);
			runOnlyForDeploymentPostprocessing = 0;
		};
		75CDAE061F47F90800B05C51 /* Headers */ = {
			isa = PBXHeadersBuildPhase;
			buildActionMask = 2147483647;
			files = (
			);
			runOnlyForDeploymentPostprocessing = 0;
		};
/* End PBXHeadersBuildPhase section */

/* Begin PBXNativeTarget section */
		6EAE4EAE1FFC619D000DC36F /* NeoSwift_macos */ = {
			isa = PBXNativeTarget;
			buildConfigurationList = 6EAE4ED61FFC619D000DC36F /* Build configuration list for PBXNativeTarget "NeoSwift_macos" */;
			buildPhases = (
				6EAE4EAF1FFC619D000DC36F /* Sources */,
				6EAE4ECF1FFC619D000DC36F /* Frameworks */,
				6EAE4ED11FFC619D000DC36F /* Headers */,
				6EAE4ED21FFC619D000DC36F /* Resources */,
				6EAE4ED51FFC619D000DC36F /* CopyFiles */,
			);
			buildRules = (
			);
			dependencies = (
			);
			name = NeoSwift_macos;
			productName = NeoSwift;
			productReference = 6EAE4ED91FFC619D000DC36F /* NeoSwift_macos.framework */;
			productType = "com.apple.product-type.framework";
		};
		75CDAE081F47F90800B05C51 /* NeoSwift */ = {
			isa = PBXNativeTarget;
			buildConfigurationList = 75CDAE111F47F90800B05C51 /* Build configuration list for PBXNativeTarget "NeoSwift" */;
			buildPhases = (
				75CDAE041F47F90800B05C51 /* Sources */,
				75631AD11F4FB8B6008546CF /* CopyFiles */,
				75CDAE051F47F90800B05C51 /* Frameworks */,
				75CDAE061F47F90800B05C51 /* Headers */,
				75CDAE071F47F90800B05C51 /* Resources */,
			);
			buildRules = (
			);
			dependencies = (
			);
			name = NeoSwift;
			productName = NeoSwift;
			productReference = 75CDAE091F47F90800B05C51 /* NeoSwift.framework */;
			productType = "com.apple.product-type.framework";
		};
		75CDAE241F48680500B05C51 /* NeoSwiftTests */ = {
			isa = PBXNativeTarget;
			buildConfigurationList = 75CDAE2D1F48680500B05C51 /* Build configuration list for PBXNativeTarget "NeoSwiftTests" */;
			buildPhases = (
				75CDAE211F48680500B05C51 /* Sources */,
				75CDAE221F48680500B05C51 /* Frameworks */,
				75CDAE231F48680500B05C51 /* Resources */,
			);
			buildRules = (
			);
			dependencies = (
				75CDAE2C1F48680500B05C51 /* PBXTargetDependency */,
			);
			name = NeoSwiftTests;
			productName = NeoSwiftTests;
			productReference = 75CDAE251F48680500B05C51 /* NeoSwiftTests.xctest */;
			productType = "com.apple.product-type.bundle.unit-test";
		};
/* End PBXNativeTarget section */

/* Begin PBXProject section */
		75CDAE001F47F90800B05C51 /* Project object */ = {
			isa = PBXProject;
			attributes = {
				LastSwiftUpdateCheck = 0900;
				LastUpgradeCheck = 0900;
				ORGANIZATIONNAME = "O3 Labs Inc.";
				TargetAttributes = {
					6E7E08851F6E9AE2000B86A9 = {
						CreatedOnToolsVersion = 9.0;
						ProvisioningStyle = Automatic;
					};
					75CDAE081F47F90800B05C51 = {
						CreatedOnToolsVersion = 9.0;
						LastSwiftMigration = 0900;
						ProvisioningStyle = Automatic;
					};
					75CDAE241F48680500B05C51 = {
						CreatedOnToolsVersion = 9.0;
					};
				};
			};
			buildConfigurationList = 75CDAE031F47F90800B05C51 /* Build configuration list for PBXProject "NeoSwift" */;
			compatibilityVersion = "Xcode 8.0";
			developmentRegion = en;
			hasScannedForEncodings = 0;
			knownRegions = (
				en,
			);
			mainGroup = 75CDADFF1F47F90800B05C51;
			productRefGroup = 75CDAE0A1F47F90800B05C51 /* Products */;
			projectDirPath = "";
			projectRoot = "";
			targets = (
				75CDAE081F47F90800B05C51 /* NeoSwift */,
				75CDAE241F48680500B05C51 /* NeoSwiftTests */,
				6E7E08851F6E9AE2000B86A9 /* NeoSwiftAggregate */,
				6EAE4EAE1FFC619D000DC36F /* NeoSwift_macos */,
			);
		};
/* End PBXProject section */

/* Begin PBXResourcesBuildPhase section */
		6EAE4ED21FFC619D000DC36F /* Resources */ = {
			isa = PBXResourcesBuildPhase;
			buildActionMask = 2147483647;
			files = (
				6EAE4ED31FFC619D000DC36F /* nodes.json in Resources */,
				6EAE4ED41FFC619D000DC36F /* strip-frameworks.sh in Resources */,
			);
			runOnlyForDeploymentPostprocessing = 0;
		};
		75CDAE071F47F90800B05C51 /* Resources */ = {
			isa = PBXResourcesBuildPhase;
			buildActionMask = 2147483647;
			files = (
				6E67B16A1F9B22D800C566B6 /* nodes.json in Resources */,
				6E7E088C1F6E9C02000B86A9 /* strip-frameworks.sh in Resources */,
			);
			runOnlyForDeploymentPostprocessing = 0;
		};
		75CDAE231F48680500B05C51 /* Resources */ = {
			isa = PBXResourcesBuildPhase;
			buildActionMask = 2147483647;
			files = (
				75E8E4A61F4EAB5800DBCD8E /* NeoSwift.framework in Resources */,
				6E67B16C1F9B24B200C566B6 /* nodes.json in Resources */,
			);
			runOnlyForDeploymentPostprocessing = 0;
		};
/* End PBXResourcesBuildPhase section */

/* Begin PBXShellScriptBuildPhase section */
		6E7E08891F6E9B26000B86A9 /* ShellScript */ = {
			isa = PBXShellScriptBuildPhase;
			buildActionMask = 2147483647;
			files = (
			);
			inputPaths = (
			);
			outputPaths = (
			);
			runOnlyForDeploymentPostprocessing = 0;
			shellPath = /bin/sh;
			shellScript = "#!/bin/sh\n\nUNIVERSAL_OUTPUTFOLDER=${BUILD_DIR}/${CONFIGURATION}-universal\n\n# make sure the output directory exists\nmkdir -p \"${UNIVERSAL_OUTPUTFOLDER}\"\n\n# Step 1. Build Device and Simulator versions\nxcodebuild -target \"${PROJECT_NAME}\" ONLY_ACTIVE_ARCH=NO -configuration ${CONFIGURATION} -sdk iphoneos  BUILD_DIR=\"${BUILD_DIR}\" BUILD_ROOT=\"${BUILD_ROOT}\" clean build\nxcodebuild -target \"${PROJECT_NAME}\" -configuration ${CONFIGURATION} -sdk iphonesimulator ONLY_ACTIVE_ARCH=NO BUILD_DIR=\"${BUILD_DIR}\" BUILD_ROOT=\"${BUILD_ROOT}\" clean build\n\n# Step 2. Copy the framework structure (from iphoneos build) to the universal folder\ncp -R \"${BUILD_DIR}/${CONFIGURATION}-iphoneos/${PROJECT_NAME}.framework\" \"${UNIVERSAL_OUTPUTFOLDER}/\"\n\n# Step 3. Copy Swift modules from iphonesimulator build (if it exists) to the copied framework directory\nSIMULATOR_SWIFT_MODULES_DIR=\"${BUILD_DIR}/${CONFIGURATION}-iphonesimulator/${PROJECT_NAME}.framework/Modules/${PROJECT_NAME}.swiftmodule/.\"\nif [ -d \"${SIMULATOR_SWIFT_MODULES_DIR}\" ]; then\ncp -R \"${SIMULATOR_SWIFT_MODULES_DIR}\" \"${UNIVERSAL_OUTPUTFOLDER}/${PROJECT_NAME}.framework/Modules/${PROJECT_NAME}.swiftmodule\"\nfi\n\n# Step 4. Create universal binary file using lipo and place the combined executable in the copied framework directory\nlipo -create -output \"${UNIVERSAL_OUTPUTFOLDER}/${PROJECT_NAME}.framework/${PROJECT_NAME}\" \"${BUILD_DIR}/${CONFIGURATION}-iphonesimulator/${PROJECT_NAME}.framework/${PROJECT_NAME}\" \"${BUILD_DIR}/${CONFIGURATION}-iphoneos/${PROJECT_NAME}.framework/${PROJECT_NAME}\"\n\n# Step 5. Convenience step to copy the framework to the project's directory\ncp -R \"${UNIVERSAL_OUTPUTFOLDER}/${PROJECT_NAME}.framework\" \"${PROJECT_DIR}\"\n\n# Step 6. Convenience step to open the project's directory in Finder\nopen \"${PROJECT_DIR}\"";
		};
/* End PBXShellScriptBuildPhase section */

/* Begin PBXSourcesBuildPhase section */
		6EAE4EAF1FFC619D000DC36F /* Sources */ = {
			isa = PBXSourcesBuildPhase;
			buildActionMask = 2147483647;
			files = (
				6EAE4EB01FFC619D000DC36F /* NEP2.swift in Sources */,
				6EAE4EB11FFC619D000DC36F /* Base58.swift in Sources */,
				6EAE4EB21FFC619D000DC36F /* Data+Util.swift in Sources */,
				6EAE4EB31FFC619D000DC36F /* NEONetwork.swift in Sources */,
				6EAE4EB41FFC619D000DC36F /* NEP5Token.swift in Sources */,
				6EAE4EB51FFC619D000DC36F /* SHA256.swift in Sources */,
				6EAE4EB61FFC619D000DC36F /* Peer.swift in Sources */,
				6EAE4EB71FFC619D000DC36F /* Script.swift in Sources */,
				6EAE4EB81FFC619D000DC36F /* Claims.swift in Sources */,
				6EAE4EB91FFC619D000DC36F /* WIF.swift in Sources */,
				6EAE4EBA1FFC619D000DC36F /* RIPEMD160.swift in Sources */,
				6EAE4EBB1FFC619D000DC36F /* AccountState.swift in Sources */,
				6EAE4EBC1FFC619D000DC36F /* ScriptBuilder.swift in Sources */,
				6EAE4EBD1FFC619D000DC36F /* OpCodes.swift in Sources */,
				6EAE4EBE1FFC619D000DC36F /* Block.swift in Sources */,
				6EADA9972071E7BE0090C700 /* NeoScan.swift in Sources */,
				6EAE4EBF1FFC619D000DC36F /* AES.swift in Sources */,
				6EAE4EC01FFC619D000DC36F /* scrypt.swift in Sources */,
				6EAE4EC21FFC619D000DC36F /* TransactionHistory.swift in Sources */,
				6EAE4EC31FFC619D000DC36F /* TransactionAttritbute.swift in Sources */,
				6EAE4EC41FFC619D000DC36F /* ValueOut.swift in Sources */,
				6EAE4EC51FFC619D000DC36F /* ContractResult.swift in Sources */,
				6EAE4EC61FFC619D000DC36F /* ValueIn.swift in Sources */,
				6EAE4EC71FFC619D000DC36F /* Asset.swift in Sources */,
				6EAE4EC81FFC619D000DC36F /* Account.swift in Sources */,
				6EAE4EC91FFC619D000DC36F /* Transaction.swift in Sources */,
				6EAE4ECA1FFC619D000DC36F /* Balance.swift in Sources */,
				6EAE4ECB1FFC619D000DC36F /* PBKDF2.swift in Sources */,
				6EAE4ECC1FFC619D000DC36F /* AssetIdConstants.swift in Sources */,
				6EAE4ECD1FFC619D000DC36F /* NeoClient.swift in Sources */,
				6EAE4ECE1FFC619D000DC36F /* Array+Util.swift in Sources */,
			);
			runOnlyForDeploymentPostprocessing = 0;
		};
		75CDAE041F47F90800B05C51 /* Sources */ = {
			isa = PBXSourcesBuildPhase;
			buildActionMask = 2147483647;
			files = (
				F3F0E1991F8E960500AAF53E /* NEP2.swift in Sources */,
				35494585203D4D4500332E53 /* NEP9.swift in Sources */,
				F31C7F0E1F6E759D0075688D /* Base58.swift in Sources */,
				F31C7F0F1F6E759D0075688D /* Data+Util.swift in Sources */,
				6EE8BB9D1F9B18D000EF69D8 /* NEONetwork.swift in Sources */,
				75F0A39C1FA5F136009E45CB /* NEP5Token.swift in Sources */,
				F31C7F101F6E759D0075688D /* SHA256.swift in Sources */,
				6E67B16E1F9B368100C566B6 /* Peer.swift in Sources */,
				75CDAE181F47FFDA00B05C51 /* Script.swift in Sources */,
				7575ADF81F63B97B0077007B /* Claims.swift in Sources */,
				75E8E49C1F4DBFAC00DBCD8E /* WIF.swift in Sources */,
				6E5747551FE7CE28004EB4C4 /* RIPEMD160.swift in Sources */,
				6E013E301F695337006EE34F /* AccountState.swift in Sources */,
				75670B8A1FA46ED100199380 /* ScriptBuilder.swift in Sources */,
				75670B881FA46A7800199380 /* OpCodes.swift in Sources */,
				75CDAE161F47F96000B05C51 /* Block.swift in Sources */,
				F3B816901F7432B60023A54E /* AES.swift in Sources */,
				F359ED3B1F75BF2900ED6E8E /* scrypt.swift in Sources */,
				35494587203D500E00332E53 /* validator.swift in Sources */,
				753518DE1F6E365500453245 /* TransactionHistory.swift in Sources */,
				6E0F80C71F67F8E90068CEF8 /* TransactionAttritbute.swift in Sources */,
				75CDAE1C1F48036C00B05C51 /* ValueOut.swift in Sources */,
				7505E3491FA76DD9007BAF89 /* ContractResult.swift in Sources */,
				75CDAE1A1F4801F500B05C51 /* ValueIn.swift in Sources */,
				6E013E2E1F694B77006EE34F /* Asset.swift in Sources */,
				75631AD51F5013BC008546CF /* Account.swift in Sources */,
				75CDAE1E1F4803E200B05C51 /* Transaction.swift in Sources */,
				75631ADD1F516D94008546CF /* Balance.swift in Sources */,
				F359ED371F75B93900ED6E8E /* PBKDF2.swift in Sources */,
				6EADA9962071E7B80090C700 /* NeoScan.swift in Sources */,
				75631ADB1F5162F6008546CF /* AssetIdConstants.swift in Sources */,
				350E2719207B5CE4006AB519 /* NeoScanTransactionHistory.swift in Sources */,
				75CDAE311F48750E00B05C51 /* NeoClient.swift in Sources */,
				F3FBEE4C1F7AC81A00CF06A1 /* Array+Util.swift in Sources */,
				35494589203D50C900332E53 /* ShamirSecret.swift in Sources */,
				6EADA99E2071EEE40090C700 /* NeoScanBalance.swift in Sources */,
			);
			runOnlyForDeploymentPostprocessing = 0;
		};
		75CDAE211F48680500B05C51 /* Sources */ = {
			isa = PBXSourcesBuildPhase;
			buildActionMask = 2147483647;
			files = (
				350E271A207B610C006AB519 /* NeoScanTransactionHistory.swift in Sources */,
				6E67B16B1F9B237700C566B6 /* NEONetwork.swift in Sources */,
				F35E74E01F8FDE8300DF0927 /* Claims.swift in Sources */,
				6E821FA01FEF42730002A790 /* NEOECDH.swift in Sources */,
				754533981FA7881B0005BE53 /* NEP5Token.swift in Sources */,
				F389E2891F8771950023BDC5 /* NeoClient.swift in Sources */,
				F389E27D1F8771850023BDC5 /* AssetIdConstants.swift in Sources */,
				F389E27E1F8771850023BDC5 /* WIF.swift in Sources */,
				754533991FA788370005BE53 /* ScriptBuilder.swift in Sources */,
				754533971FA77E9C0005BE53 /* ContractResult.swift in Sources */,
				7545339A1FA78AB90005BE53 /* OpCodes.swift in Sources */,
				F389E27F1F8771850023BDC5 /* Block.swift in Sources */,
				F389E2801F8771850023BDC5 /* Script.swift in Sources */,
				F389E2811F8771850023BDC5 /* ValueIn.swift in Sources */,
				F389E2821F8771850023BDC5 /* ValueOut.swift in Sources */,
				F389E2831F8771850023BDC5 /* Balance.swift in Sources */,
				F389E2841F8771850023BDC5 /* Transaction.swift in Sources */,
				F3F0E19A1F8E960500AAF53E /* NEP2.swift in Sources */,
				F389E2851F8771850023BDC5 /* TransactionAttritbute.swift in Sources */,
				F389E2861F8771850023BDC5 /* Asset.swift in Sources */,
				F389E2871F8771850023BDC5 /* AccountState.swift in Sources */,
				F389E2881F8771850023BDC5 /* TransactionHistory.swift in Sources */,
				F389E27B1F8771170023BDC5 /* Account.swift in Sources */,
				6EADA9992071EBDF0090C700 /* NeoScanTest.swift in Sources */,
				F359ED381F75B93900ED6E8E /* PBKDF2.swift in Sources */,
				6EADA99A2071EC200090C700 /* NeoScan.swift in Sources */,
				F359ED3C1F75BF2900ED6E8E /* scrypt.swift in Sources */,
				75F0A39A1FA59CC1009E45CB /* NeoContractTests.swift in Sources */,
				6E67B16F1F9B37B400C566B6 /* Peer.swift in Sources */,
				F3B816911F7437CC0023A54E /* Base58.swift in Sources */,
				F3B816921F7437CC0023A54E /* Data+Util.swift in Sources */,
				F3B816931F7437CC0023A54E /* SHA256.swift in Sources */,
				F3FBEE4D1F7AC81A00CF06A1 /* Array+Util.swift in Sources */,
				F3B816941F7437CC0023A54E /* AES.swift in Sources */,
				F31C7FA21F6E83D70075688D /* NeoCryptoTests.swift in Sources */,
				75CDAE281F48680500B05C51 /* NeoSwiftTests.swift in Sources */,
				6EADA99F2071F1240090C700 /* NeoScanBalance.swift in Sources */,
				6E5747561FE7CEE3004EB4C4 /* RIPEMD160.swift in Sources */,
				7575ADF61F602C590077007B /* NeoWalletTests.swift in Sources */,
			);
			runOnlyForDeploymentPostprocessing = 0;
		};
/* End PBXSourcesBuildPhase section */

/* Begin PBXTargetDependency section */
		75CDAE2C1F48680500B05C51 /* PBXTargetDependency */ = {
			isa = PBXTargetDependency;
			target = 75CDAE081F47F90800B05C51 /* NeoSwift */;
			targetProxy = 75CDAE2B1F48680500B05C51 /* PBXContainerItemProxy */;
		};
/* End PBXTargetDependency section */

/* Begin XCBuildConfiguration section */
		6E7E08871F6E9AE2000B86A9 /* Debug */ = {
			isa = XCBuildConfiguration;
			buildSettings = {
				CODE_SIGN_STYLE = Automatic;
				ENABLE_BITCODE = NO;
				PRODUCT_NAME = "$(TARGET_NAME)";
				SUPPORTED_PLATFORMS = "iphonesimulator iphoneos macosx";
				VALID_ARCHS = "arm64 armv7 armv7s x86_64 i386";
			};
			name = Debug;
		};
		6E7E08881F6E9AE2000B86A9 /* Release */ = {
			isa = XCBuildConfiguration;
			buildSettings = {
				CODE_SIGN_STYLE = Automatic;
				ENABLE_BITCODE = NO;
				PRODUCT_NAME = "$(TARGET_NAME)";
				SUPPORTED_PLATFORMS = "iphonesimulator iphoneos macosx";
				VALID_ARCHS = "arm64 armv7 armv7s x86_64 i386";
			};
			name = Release;
		};
		6EAE4ED71FFC619D000DC36F /* Debug */ = {
			isa = XCBuildConfiguration;
			buildSettings = {
				ADDITIONAL_SDKS = "";
				CLANG_ENABLE_MODULES = YES;
				CODE_SIGN_IDENTITY = "";
				DEFINES_MODULE = YES;
				DEVELOPMENT_TEAM = 5C4B7MW8PU;
				DYLIB_COMPATIBILITY_VERSION = 1;
				DYLIB_CURRENT_VERSION = 1;
				DYLIB_INSTALL_NAME_BASE = "@rpath";
				ENABLE_BITCODE = NO;
				FRAMEWORK_SEARCH_PATHS = (
					"$(inherited)",
					"$(PROJECT_DIR)/NeoSwift",
					"$(PROJECT_DIR)",
					"$(SDKROOT)",
				);
				INFOPLIST_FILE = "NeoSwift_macos-Info.plist";
				INSTALL_PATH = "$(LOCAL_LIBRARY_DIR)/Frameworks";
				LD_RUNPATH_SEARCH_PATHS = "$(inherited) @executable_path/Frameworks @loader_path/Frameworks @loader_path/../Frameworks @executable_path/../Frameworks";
				MACOSX_DEPLOYMENT_TARGET = 10.11;
				PRODUCT_BUNDLE_IDENTIFIER = drei.NeoSwift;
				PRODUCT_NAME = "$(TARGET_NAME)";
				SDKROOT = macosx10.13;
				SKIP_INSTALL = YES;
				SUPPORTED_PLATFORMS = macosx;
				SWIFT_INCLUDE_PATHS = "$(SRCROOT)/CommonCrypto";
				SWIFT_OPTIMIZATION_LEVEL = "-Onone";
				SWIFT_VERSION = 4.0;
				TARGETED_DEVICE_FAMILY = "1,2";
				VALID_ARCHS = "x86_64 i386";
			};
			name = Debug;
		};
		6EAE4ED81FFC619D000DC36F /* Release */ = {
			isa = XCBuildConfiguration;
			buildSettings = {
				ADDITIONAL_SDKS = "";
				CLANG_ENABLE_MODULES = YES;
				CODE_SIGN_IDENTITY = "";
				DEFINES_MODULE = YES;
				DEVELOPMENT_TEAM = 5C4B7MW8PU;
				DYLIB_COMPATIBILITY_VERSION = 1;
				DYLIB_CURRENT_VERSION = 1;
				DYLIB_INSTALL_NAME_BASE = "@rpath";
				ENABLE_BITCODE = NO;
				FRAMEWORK_SEARCH_PATHS = (
					"$(inherited)",
					"$(PROJECT_DIR)/NeoSwift",
					"$(PROJECT_DIR)",
					"$(SDKROOT)",
				);
				INFOPLIST_FILE = "NeoSwift_macos-Info.plist";
				INSTALL_PATH = "$(LOCAL_LIBRARY_DIR)/Frameworks";
				LD_RUNPATH_SEARCH_PATHS = "$(inherited) @executable_path/Frameworks @loader_path/Frameworks @loader_path/../Frameworks @executable_path/../Frameworks";
				MACOSX_DEPLOYMENT_TARGET = 10.11;
				PRODUCT_BUNDLE_IDENTIFIER = drei.NeoSwift;
				PRODUCT_NAME = "$(TARGET_NAME)";
				SDKROOT = macosx10.13;
				SKIP_INSTALL = YES;
				SUPPORTED_PLATFORMS = macosx;
				SWIFT_INCLUDE_PATHS = "$(SRCROOT)/CommonCrypto";
				SWIFT_VERSION = 4.0;
				TARGETED_DEVICE_FAMILY = "1,2";
				VALID_ARCHS = "x86_64 i386";
			};
			name = Release;
		};
		75CDAE0F1F47F90800B05C51 /* Debug */ = {
			isa = XCBuildConfiguration;
			buildSettings = {
				ALWAYS_SEARCH_USER_PATHS = NO;
				CLANG_ANALYZER_NONNULL = YES;
				CLANG_ANALYZER_NUMBER_OBJECT_CONVERSION = YES_AGGRESSIVE;
				CLANG_CXX_LANGUAGE_STANDARD = "gnu++14";
				CLANG_CXX_LIBRARY = "libc++";
				CLANG_ENABLE_MODULES = YES;
				CLANG_ENABLE_OBJC_ARC = YES;
				CLANG_WARN_BLOCK_CAPTURE_AUTORELEASING = YES;
				CLANG_WARN_BOOL_CONVERSION = YES;
				CLANG_WARN_COMMA = YES;
				CLANG_WARN_CONSTANT_CONVERSION = YES;
				CLANG_WARN_DIRECT_OBJC_ISA_USAGE = YES_ERROR;
				CLANG_WARN_DOCUMENTATION_COMMENTS = YES;
				CLANG_WARN_EMPTY_BODY = YES;
				CLANG_WARN_ENUM_CONVERSION = YES;
				CLANG_WARN_INFINITE_RECURSION = YES;
				CLANG_WARN_INT_CONVERSION = YES;
				CLANG_WARN_NON_LITERAL_NULL_CONVERSION = YES;
				CLANG_WARN_OBJC_LITERAL_CONVERSION = YES;
				CLANG_WARN_OBJC_ROOT_CLASS = YES_ERROR;
				CLANG_WARN_RANGE_LOOP_ANALYSIS = YES;
				CLANG_WARN_STRICT_PROTOTYPES = YES;
				CLANG_WARN_SUSPICIOUS_MOVE = YES;
				CLANG_WARN_UNGUARDED_AVAILABILITY = YES_AGGRESSIVE;
				CLANG_WARN_UNREACHABLE_CODE = YES;
				CLANG_WARN__DUPLICATE_METHOD_MATCH = YES;
				CODE_SIGN_IDENTITY = "iPhone Developer";
				COPY_PHASE_STRIP = NO;
				CURRENT_PROJECT_VERSION = 1;
				DEBUG_INFORMATION_FORMAT = dwarf;
				ENABLE_STRICT_OBJC_MSGSEND = YES;
				ENABLE_TESTABILITY = YES;
				GCC_C_LANGUAGE_STANDARD = gnu11;
				GCC_DYNAMIC_NO_PIC = NO;
				GCC_NO_COMMON_BLOCKS = YES;
				GCC_OPTIMIZATION_LEVEL = 0;
				GCC_PREPROCESSOR_DEFINITIONS = (
					"DEBUG=1",
					"$(inherited)",
				);
				GCC_WARN_64_TO_32_BIT_CONVERSION = YES;
				GCC_WARN_ABOUT_RETURN_TYPE = YES_ERROR;
				GCC_WARN_UNDECLARED_SELECTOR = YES;
				GCC_WARN_UNINITIALIZED_AUTOS = YES_AGGRESSIVE;
				GCC_WARN_UNUSED_FUNCTION = YES;
				GCC_WARN_UNUSED_VARIABLE = YES;
				IPHONEOS_DEPLOYMENT_TARGET = 11.0;
				MTL_ENABLE_DEBUG_INFO = YES;
				ONLY_ACTIVE_ARCH = YES;
				SDKROOT = iphoneos;
				SWIFT_ACTIVE_COMPILATION_CONDITIONS = DEBUG;
				SWIFT_OPTIMIZATION_LEVEL = "-Onone";
				VERSIONING_SYSTEM = "apple-generic";
				VERSION_INFO_PREFIX = "";
			};
			name = Debug;
		};
		75CDAE101F47F90800B05C51 /* Release */ = {
			isa = XCBuildConfiguration;
			buildSettings = {
				ALWAYS_SEARCH_USER_PATHS = NO;
				CLANG_ANALYZER_NONNULL = YES;
				CLANG_ANALYZER_NUMBER_OBJECT_CONVERSION = YES_AGGRESSIVE;
				CLANG_CXX_LANGUAGE_STANDARD = "gnu++14";
				CLANG_CXX_LIBRARY = "libc++";
				CLANG_ENABLE_MODULES = YES;
				CLANG_ENABLE_OBJC_ARC = YES;
				CLANG_WARN_BLOCK_CAPTURE_AUTORELEASING = YES;
				CLANG_WARN_BOOL_CONVERSION = YES;
				CLANG_WARN_COMMA = YES;
				CLANG_WARN_CONSTANT_CONVERSION = YES;
				CLANG_WARN_DIRECT_OBJC_ISA_USAGE = YES_ERROR;
				CLANG_WARN_DOCUMENTATION_COMMENTS = YES;
				CLANG_WARN_EMPTY_BODY = YES;
				CLANG_WARN_ENUM_CONVERSION = YES;
				CLANG_WARN_INFINITE_RECURSION = YES;
				CLANG_WARN_INT_CONVERSION = YES;
				CLANG_WARN_NON_LITERAL_NULL_CONVERSION = YES;
				CLANG_WARN_OBJC_LITERAL_CONVERSION = YES;
				CLANG_WARN_OBJC_ROOT_CLASS = YES_ERROR;
				CLANG_WARN_RANGE_LOOP_ANALYSIS = YES;
				CLANG_WARN_STRICT_PROTOTYPES = YES;
				CLANG_WARN_SUSPICIOUS_MOVE = YES;
				CLANG_WARN_UNGUARDED_AVAILABILITY = YES_AGGRESSIVE;
				CLANG_WARN_UNREACHABLE_CODE = YES;
				CLANG_WARN__DUPLICATE_METHOD_MATCH = YES;
				CODE_SIGN_IDENTITY = "iPhone Developer";
				COPY_PHASE_STRIP = NO;
				CURRENT_PROJECT_VERSION = 1;
				DEBUG_INFORMATION_FORMAT = "dwarf-with-dsym";
				ENABLE_NS_ASSERTIONS = NO;
				ENABLE_STRICT_OBJC_MSGSEND = YES;
				GCC_C_LANGUAGE_STANDARD = gnu11;
				GCC_NO_COMMON_BLOCKS = YES;
				GCC_WARN_64_TO_32_BIT_CONVERSION = YES;
				GCC_WARN_ABOUT_RETURN_TYPE = YES_ERROR;
				GCC_WARN_UNDECLARED_SELECTOR = YES;
				GCC_WARN_UNINITIALIZED_AUTOS = YES_AGGRESSIVE;
				GCC_WARN_UNUSED_FUNCTION = YES;
				GCC_WARN_UNUSED_VARIABLE = YES;
				IPHONEOS_DEPLOYMENT_TARGET = 11.0;
				MTL_ENABLE_DEBUG_INFO = NO;
				SDKROOT = iphoneos;
				SWIFT_OPTIMIZATION_LEVEL = "-Owholemodule";
				VALIDATE_PRODUCT = YES;
				VERSIONING_SYSTEM = "apple-generic";
				VERSION_INFO_PREFIX = "";
			};
			name = Release;
		};
		75CDAE121F47F90800B05C51 /* Debug */ = {
			isa = XCBuildConfiguration;
			buildSettings = {
				ADDITIONAL_SDKS = "";
				CLANG_ENABLE_MODULES = YES;
				CODE_SIGN_IDENTITY = "";
				"CODE_SIGN_IDENTITY[sdk=iphoneos*]" = "iPhone Developer";
				CODE_SIGN_STYLE = Automatic;
				DEFINES_MODULE = YES;
				DEVELOPMENT_TEAM = DS5S7EUZRZ;
				DYLIB_COMPATIBILITY_VERSION = 1;
				DYLIB_CURRENT_VERSION = 1;
				DYLIB_INSTALL_NAME_BASE = "@rpath";
				ENABLE_BITCODE = NO;
				FRAMEWORK_SEARCH_PATHS = (
					"$(inherited)",
					"$(PROJECT_DIR)/NeoSwift",
					"$(PROJECT_DIR)",
					"$(SDKROOT)",
				);
				INFOPLIST_FILE = NeoSwift/Info.plist;
				INSTALL_PATH = "$(LOCAL_LIBRARY_DIR)/Frameworks";
				LD_RUNPATH_SEARCH_PATHS = "$(inherited) @executable_path/Frameworks @loader_path/Frameworks @loader_path/../Frameworks @executable_path/../Frameworks";
				MACOSX_DEPLOYMENT_TARGET = 10.11;
				PRODUCT_BUNDLE_IDENTIFIER = drei.NeoSwift;
				PRODUCT_NAME = "$(TARGET_NAME:c99extidentifier)";
				PROVISIONING_PROFILE_SPECIFIER = "";
				SDKROOT = iphoneos11.0;
				SKIP_INSTALL = YES;
				SUPPORTED_PLATFORMS = "iphonesimulator iphoneos";
				SWIFT_INCLUDE_PATHS = "$(SRCROOT)/CommonCrypto";
				SWIFT_OPTIMIZATION_LEVEL = "-Onone";
				SWIFT_VERSION = 4.0;
				TARGETED_DEVICE_FAMILY = "1,2";
				VALID_ARCHS = "arm64 armv7 armv7s";
			};
			name = Debug;
		};
		75CDAE131F47F90800B05C51 /* Release */ = {
			isa = XCBuildConfiguration;
			buildSettings = {
				ADDITIONAL_SDKS = "";
				CLANG_ENABLE_MODULES = YES;
				CODE_SIGN_IDENTITY = "";
				"CODE_SIGN_IDENTITY[sdk=iphoneos*]" = "iPhone Developer";
				CODE_SIGN_STYLE = Automatic;
				DEFINES_MODULE = YES;
				DEVELOPMENT_TEAM = DS5S7EUZRZ;
				DYLIB_COMPATIBILITY_VERSION = 1;
				DYLIB_CURRENT_VERSION = 1;
				DYLIB_INSTALL_NAME_BASE = "@rpath";
				ENABLE_BITCODE = NO;
				FRAMEWORK_SEARCH_PATHS = (
					"$(inherited)",
					"$(PROJECT_DIR)/NeoSwift",
					"$(PROJECT_DIR)",
					"$(SDKROOT)",
				);
				INFOPLIST_FILE = NeoSwift/Info.plist;
				INSTALL_PATH = "$(LOCAL_LIBRARY_DIR)/Frameworks";
				LD_RUNPATH_SEARCH_PATHS = "$(inherited) @executable_path/Frameworks @loader_path/Frameworks @loader_path/../Frameworks @executable_path/../Frameworks";
				MACOSX_DEPLOYMENT_TARGET = 10.11;
				PRODUCT_BUNDLE_IDENTIFIER = drei.NeoSwift;
				PRODUCT_NAME = "$(TARGET_NAME:c99extidentifier)";
				PROVISIONING_PROFILE_SPECIFIER = "";
				SDKROOT = iphoneos11.0;
				SKIP_INSTALL = YES;
				SUPPORTED_PLATFORMS = "iphonesimulator iphoneos";
				SWIFT_INCLUDE_PATHS = "$(SRCROOT)/CommonCrypto";
				SWIFT_VERSION = 4.0;
				TARGETED_DEVICE_FAMILY = "1,2";
				VALID_ARCHS = "arm64 armv7 armv7s";
			};
			name = Release;
		};
		75CDAE2E1F48680500B05C51 /* Debug */ = {
			isa = XCBuildConfiguration;
			buildSettings = {
				DEVELOPMENT_TEAM = 5C4B7MW8PU;
				FRAMEWORK_SEARCH_PATHS = (
					"$(inherited)",
					"$(PROJECT_DIR)",
				);
				GCC_OPTIMIZATION_LEVEL = 0;
				INFOPLIST_FILE = NeoSwiftTests/Info.plist;
				LD_RUNPATH_SEARCH_PATHS = "$(inherited) @executable_path/Frameworks @loader_path/Frameworks";
				PRODUCT_BUNDLE_IDENTIFIER = drei.NeoSwiftTests;
				PRODUCT_NAME = "$(TARGET_NAME)";
				SWIFT_INCLUDE_PATHS = "$(SRCROOT)/CommonCrypto";
				SWIFT_OPTIMIZATION_LEVEL = "-Onone";
				SWIFT_VERSION = 4.0;
				TARGETED_DEVICE_FAMILY = "1,2";
			};
			name = Debug;
		};
		75CDAE2F1F48680500B05C51 /* Release */ = {
			isa = XCBuildConfiguration;
			buildSettings = {
				DEVELOPMENT_TEAM = 5C4B7MW8PU;
				FRAMEWORK_SEARCH_PATHS = (
					"$(inherited)",
					"$(PROJECT_DIR)",
				);
				GCC_OPTIMIZATION_LEVEL = 0;
				INFOPLIST_FILE = NeoSwiftTests/Info.plist;
				LD_RUNPATH_SEARCH_PATHS = "$(inherited) @executable_path/Frameworks @loader_path/Frameworks";
				PRODUCT_BUNDLE_IDENTIFIER = drei.NeoSwiftTests;
				PRODUCT_NAME = "$(TARGET_NAME)";
				SWIFT_INCLUDE_PATHS = "$(SRCROOT)/CommonCrypto";
				SWIFT_OPTIMIZATION_LEVEL = "-Onone";
				SWIFT_VERSION = 4.0;
				TARGETED_DEVICE_FAMILY = "1,2";
			};
			name = Release;
		};
/* End XCBuildConfiguration section */

/* Begin XCConfigurationList section */
		6E7E08861F6E9AE2000B86A9 /* Build configuration list for PBXAggregateTarget "NeoSwiftAggregate" */ = {
			isa = XCConfigurationList;
			buildConfigurations = (
				6E7E08871F6E9AE2000B86A9 /* Debug */,
				6E7E08881F6E9AE2000B86A9 /* Release */,
			);
			defaultConfigurationIsVisible = 0;
			defaultConfigurationName = Release;
		};
		6EAE4ED61FFC619D000DC36F /* Build configuration list for PBXNativeTarget "NeoSwift_macos" */ = {
			isa = XCConfigurationList;
			buildConfigurations = (
				6EAE4ED71FFC619D000DC36F /* Debug */,
				6EAE4ED81FFC619D000DC36F /* Release */,
			);
			defaultConfigurationIsVisible = 0;
			defaultConfigurationName = Release;
		};
		75CDAE031F47F90800B05C51 /* Build configuration list for PBXProject "NeoSwift" */ = {
			isa = XCConfigurationList;
			buildConfigurations = (
				75CDAE0F1F47F90800B05C51 /* Debug */,
				75CDAE101F47F90800B05C51 /* Release */,
			);
			defaultConfigurationIsVisible = 0;
			defaultConfigurationName = Release;
		};
		75CDAE111F47F90800B05C51 /* Build configuration list for PBXNativeTarget "NeoSwift" */ = {
			isa = XCConfigurationList;
			buildConfigurations = (
				75CDAE121F47F90800B05C51 /* Debug */,
				75CDAE131F47F90800B05C51 /* Release */,
			);
			defaultConfigurationIsVisible = 0;
			defaultConfigurationName = Release;
		};
		75CDAE2D1F48680500B05C51 /* Build configuration list for PBXNativeTarget "NeoSwiftTests" */ = {
			isa = XCConfigurationList;
			buildConfigurations = (
				75CDAE2E1F48680500B05C51 /* Debug */,
				75CDAE2F1F48680500B05C51 /* Release */,
			);
			defaultConfigurationIsVisible = 0;
			defaultConfigurationName = Release;
		};
/* End XCConfigurationList section */
	};
	rootObject = 75CDAE001F47F90800B05C51 /* Project object */;
}
